// !$*UTF8*$!
{
	archiveVersion = 1;
	classes = {
	};
	objectVersion = 56;
	objects = {

/* Begin PBXBuildFile section */
		CE721B7B2CA647D600345E32 /* UITestingDemoApp.swift in Sources */ = {isa = PBXBuildFile; fileRef = CE721B7A2CA647D600345E32 /* UITestingDemoApp.swift */; };
		CE721B7D2CA647D600345E32 /* ContentView.swift in Sources */ = {isa = PBXBuildFile; fileRef = CE721B7C2CA647D600345E32 /* ContentView.swift */; };
		CE721B7F2CA647D800345E32 /* Assets.xcassets in Resources */ = {isa = PBXBuildFile; fileRef = CE721B7E2CA647D800345E32 /* Assets.xcassets */; };
		CE721B822CA647D800345E32 /* Preview Assets.xcassets in Resources */ = {isa = PBXBuildFile; fileRef = CE721B812CA647D800345E32 /* Preview Assets.xcassets */; };
		CE721B8C2CA647D800345E32 /* UITestingDemoTests.swift in Sources */ = {isa = PBXBuildFile; fileRef = CE721B8B2CA647D800345E32 /* UITestingDemoTests.swift */; };
		CE721B962CA647D800345E32 /* UITestingDemoUITests.swift in Sources */ = {isa = PBXBuildFile; fileRef = CE721B952CA647D800345E32 /* UITestingDemoUITests.swift */; };
		CE721B982CA647D800345E32 /* UITestingDemoUITestsLaunchTests.swift in Sources */ = {isa = PBXBuildFile; fileRef = CE721B972CA647D800345E32 /* UITestingDemoUITestsLaunchTests.swift */; };
/* End PBXBuildFile section */

/* Begin PBXContainerItemProxy section */
		CE721B882CA647D800345E32 /* PBXContainerItemProxy */ = {
			isa = PBXContainerItemProxy;
			containerPortal = CE721B6F2CA647D600345E32 /* Project object */;
			proxyType = 1;
			remoteGlobalIDString = CE721B762CA647D600345E32;
			remoteInfo = UITestingDemo;
		};
		CE721B922CA647D800345E32 /* PBXContainerItemProxy */ = {
			isa = PBXContainerItemProxy;
			containerPortal = CE721B6F2CA647D600345E32 /* Project object */;
			proxyType = 1;
			remoteGlobalIDString = CE721B762CA647D600345E32;
			remoteInfo = UITestingDemo;
		};
/* End PBXContainerItemProxy section */

/* Begin PBXFileReference section */
		CE721B772CA647D600345E32 /* UITestingDemo.app */ = {isa = PBXFileReference; explicitFileType = wrapper.application; includeInIndex = 0; path = UITestingDemo.app; sourceTree = BUILT_PRODUCTS_DIR; };
		CE721B7A2CA647D600345E32 /* UITestingDemoApp.swift */ = {isa = PBXFileReference; lastKnownFileType = sourcecode.swift; path = UITestingDemoApp.swift; sourceTree = "<group>"; };
		CE721B7C2CA647D600345E32 /* ContentView.swift */ = {isa = PBXFileReference; lastKnownFileType = sourcecode.swift; path = ContentView.swift; sourceTree = "<group>"; };
		CE721B7E2CA647D800345E32 /* Assets.xcassets */ = {isa = PBXFileReference; lastKnownFileType = folder.assetcatalog; path = Assets.xcassets; sourceTree = "<group>"; };
		CE721B812CA647D800345E32 /* Preview Assets.xcassets */ = {isa = PBXFileReference; lastKnownFileType = folder.assetcatalog; path = "Preview Assets.xcassets"; sourceTree = "<group>"; };
		CE721B872CA647D800345E32 /* UITestingDemoTests.xctest */ = {isa = PBXFileReference; explicitFileType = wrapper.cfbundle; includeInIndex = 0; path = UITestingDemoTests.xctest; sourceTree = BUILT_PRODUCTS_DIR; };
		CE721B8B2CA647D800345E32 /* UITestingDemoTests.swift */ = {isa = PBXFileReference; lastKnownFileType = sourcecode.swift; path = UITestingDemoTests.swift; sourceTree = "<group>"; };
		CE721B912CA647D800345E32 /* UITestingDemoUITests.xctest */ = {isa = PBXFileReference; explicitFileType = wrapper.cfbundle; includeInIndex = 0; path = UITestingDemoUITests.xctest; sourceTree = BUILT_PRODUCTS_DIR; };
		CE721B952CA647D800345E32 /* UITestingDemoUITests.swift */ = {isa = PBXFileReference; lastKnownFileType = sourcecode.swift; path = UITestingDemoUITests.swift; sourceTree = "<group>"; };
		CE721B972CA647D800345E32 /* UITestingDemoUITestsLaunchTests.swift */ = {isa = PBXFileReference; lastKnownFileType = sourcecode.swift; path = UITestingDemoUITestsLaunchTests.swift; sourceTree = "<group>"; };
/* End PBXFileReference section */

/* Begin PBXFrameworksBuildPhase section */
		CE721B742CA647D600345E32 /* Frameworks */ = {
			isa = PBXFrameworksBuildPhase;
			buildActionMask = 2147483647;
			files = (
			);
			runOnlyForDeploymentPostprocessing = 0;
		};
		CE721B842CA647D800345E32 /* Frameworks */ = {
			isa = PBXFrameworksBuildPhase;
			buildActionMask = 2147483647;
			files = (
			);
			runOnlyForDeploymentPostprocessing = 0;
		};
		CE721B8E2CA647D800345E32 /* Frameworks */ = {
			isa = PBXFrameworksBuildPhase;
			buildActionMask = 2147483647;
			files = (
			);
			runOnlyForDeploymentPostprocessing = 0;
		};
/* End PBXFrameworksBuildPhase section */

/* Begin PBXGroup section */
		CE721B6E2CA647D600345E32 = {
			isa = PBXGroup;
			children = (
				CE721B792CA647D600345E32 /* UITestingDemo */,
				CE721B8A2CA647D800345E32 /* UITestingDemoTests */,
				CE721B942CA647D800345E32 /* UITestingDemoUITests */,
				CE721B782CA647D600345E32 /* Products */,
			);
			sourceTree = "<group>";
		};
		CE721B782CA647D600345E32 /* Products */ = {
			isa = PBXGroup;
			children = (
				CE721B772CA647D600345E32 /* UITestingDemo.app */,
				CE721B872CA647D800345E32 /* UITestingDemoTests.xctest */,
				CE721B912CA647D800345E32 /* UITestingDemoUITests.xctest */,
			);
			name = Products;
			sourceTree = "<group>";
		};
		CE721B792CA647D600345E32 /* UITestingDemo */ = {
			isa = PBXGroup;
			children = (
				CE721B7A2CA647D600345E32 /* UITestingDemoApp.swift */,
				CE721B7C2CA647D600345E32 /* ContentView.swift */,
				CE721B7E2CA647D800345E32 /* Assets.xcassets */,
				CE721B802CA647D800345E32 /* Preview Content */,
			);
			path = UITestingDemo;
			sourceTree = "<group>";
		};
		CE721B802CA647D800345E32 /* Preview Content */ = {
			isa = PBXGroup;
			children = (
				CE721B812CA647D800345E32 /* Preview Assets.xcassets */,
			);
			path = "Preview Content";
			sourceTree = "<group>";
		};
		CE721B8A2CA647D800345E32 /* UITestingDemoTests */ = {
			isa = PBXGroup;
			children = (
				CE721B8B2CA647D800345E32 /* UITestingDemoTests.swift */,
			);
			path = UITestingDemoTests;
			sourceTree = "<group>";
		};
		CE721B942CA647D800345E32 /* UITestingDemoUITests */ = {
			isa = PBXGroup;
			children = (
				CE721B952CA647D800345E32 /* UITestingDemoUITests.swift */,
				CE721B972CA647D800345E32 /* UITestingDemoUITestsLaunchTests.swift */,
			);
			path = UITestingDemoUITests;
			sourceTree = "<group>";
		};
/* End PBXGroup section */

/* Begin PBXNativeTarget section */
		CE721B762CA647D600345E32 /* UITestingDemo */ = {
			isa = PBXNativeTarget;
			buildConfigurationList = CE721B9B2CA647D800345E32 /* Build configuration list for PBXNativeTarget "UITestingDemo" */;
			buildPhases = (
				CE721B732CA647D600345E32 /* Sources */,
				CE721B742CA647D600345E32 /* Frameworks */,
				CE721B752CA647D600345E32 /* Resources */,
			);
			buildRules = (
			);
			dependencies = (
			);
			name = UITestingDemo;
			productName = UITestingDemo;
			productReference = CE721B772CA647D600345E32 /* UITestingDemo.app */;
			productType = "com.apple.product-type.application";
		};
		CE721B862CA647D800345E32 /* UITestingDemoTests */ = {
			isa = PBXNativeTarget;
			buildConfigurationList = CE721B9E2CA647D800345E32 /* Build configuration list for PBXNativeTarget "UITestingDemoTests" */;
			buildPhases = (
				CE721B832CA647D800345E32 /* Sources */,
				CE721B842CA647D800345E32 /* Frameworks */,
				CE721B852CA647D800345E32 /* Resources */,
			);
			buildRules = (
			);
			dependencies = (
				CE721B892CA647D800345E32 /* PBXTargetDependency */,
			);
			name = UITestingDemoTests;
			productName = UITestingDemoTests;
			productReference = CE721B872CA647D800345E32 /* UITestingDemoTests.xctest */;
			productType = "com.apple.product-type.bundle.unit-test";
		};
		CE721B902CA647D800345E32 /* UITestingDemoUITests */ = {
			isa = PBXNativeTarget;
			buildConfigurationList = CE721BA12CA647D800345E32 /* Build configuration list for PBXNativeTarget "UITestingDemoUITests" */;
			buildPhases = (
				CE721B8D2CA647D800345E32 /* Sources */,
				CE721B8E2CA647D800345E32 /* Frameworks */,
				CE721B8F2CA647D800345E32 /* Resources */,
			);
			buildRules = (
			);
			dependencies = (
				CE721B932CA647D800345E32 /* PBXTargetDependency */,
			);
			name = UITestingDemoUITests;
			productName = UITestingDemoUITests;
			productReference = CE721B912CA647D800345E32 /* UITestingDemoUITests.xctest */;
			productType = "com.apple.product-type.bundle.ui-testing";
		};
/* End PBXNativeTarget section */

/* Begin PBXProject section */
		CE721B6F2CA647D600345E32 /* Project object */ = {
			isa = PBXProject;
			attributes = {
				BuildIndependentTargetsInParallel = 1;
				LastSwiftUpdateCheck = 1520;
				LastUpgradeCheck = 1520;
				TargetAttributes = {
					CE721B762CA647D600345E32 = {
						CreatedOnToolsVersion = 15.2;
					};
					CE721B862CA647D800345E32 = {
						CreatedOnToolsVersion = 15.2;
						TestTargetID = CE721B762CA647D600345E32;
					};
					CE721B902CA647D800345E32 = {
						CreatedOnToolsVersion = 15.2;
						TestTargetID = CE721B762CA647D600345E32;
					};
				};
			};
			buildConfigurationList = CE721B722CA647D600345E32 /* Build configuration list for PBXProject "UITestingDemo" */;
			compatibilityVersion = "Xcode 14.0";
			developmentRegion = en;
			hasScannedForEncodings = 0;
			knownRegions = (
				en,
				Base,
			);
			mainGroup = CE721B6E2CA647D600345E32;
			productRefGroup = CE721B782CA647D600345E32 /* Products */;
			projectDirPath = "";
			projectRoot = "";
			targets = (
				CE721B762CA647D600345E32 /* UITestingDemo */,
				CE721B862CA647D800345E32 /* UITestingDemoTests */,
				CE721B902CA647D800345E32 /* UITestingDemoUITests */,
			);
		};
/* End PBXProject section */

/* Begin PBXResourcesBuildPhase section */
		CE721B752CA647D600345E32 /* Resources */ = {
			isa = PBXResourcesBuildPhase;
			buildActionMask = 2147483647;
			files = (
				CE721B822CA647D800345E32 /* Preview Assets.xcassets in Resources */,
				CE721B7F2CA647D800345E32 /* Assets.xcassets in Resources */,
			);
			runOnlyForDeploymentPostprocessing = 0;
		};
		CE721B852CA647D800345E32 /* Resources */ = {
			isa = PBXResourcesBuildPhase;
			buildActionMask = 2147483647;
			files = (
			);
			runOnlyForDeploymentPostprocessing = 0;
		};
		CE721B8F2CA647D800345E32 /* Resources */ = {
			isa = PBXResourcesBuildPhase;
			buildActionMask = 2147483647;
			files = (
			);
			runOnlyForDeploymentPostprocessing = 0;
		};
/* End PBXResourcesBuildPhase section */

/* Begin PBXSourcesBuildPhase section */
		CE721B732CA647D600345E32 /* Sources */ = {
			isa = PBXSourcesBuildPhase;
			buildActionMask = 2147483647;
			files = (
				CE721B7D2CA647D600345E32 /* ContentView.swift in Sources */,
				CE721B7B2CA647D600345E32 /* UITestingDemoApp.swift in Sources */,
			);
			runOnlyForDeploymentPostprocessing = 0;
		};
		CE721B832CA647D800345E32 /* Sources */ = {
			isa = PBXSourcesBuildPhase;
			buildActionMask = 2147483647;
			files = (
				CE721B8C2CA647D800345E32 /* UITestingDemoTests.swift in Sources */,
			);
			runOnlyForDeploymentPostprocessing = 0;
		};
		CE721B8D2CA647D800345E32 /* Sources */ = {
			isa = PBXSourcesBuildPhase;
			buildActionMask = 2147483647;
			files = (
				CE721B982CA647D800345E32 /* UITestingDemoUITestsLaunchTests.swift in Sources */,
				CE721B962CA647D800345E32 /* UITestingDemoUITests.swift in Sources */,
			);
			runOnlyForDeploymentPostprocessing = 0;
		};
/* End PBXSourcesBuildPhase section */

/* Begin PBXTargetDependency section */
		CE721B892CA647D800345E32 /* PBXTargetDependency */ = {
			isa = PBXTargetDependency;
			target = CE721B762CA647D600345E32 /* UITestingDemo */;
			targetProxy = CE721B882CA647D800345E32 /* PBXContainerItemProxy */;
		};
		CE721B932CA647D800345E32 /* PBXTargetDependency */ = {
			isa = PBXTargetDependency;
			target = CE721B762CA647D600345E32 /* UITestingDemo */;
			targetProxy = CE721B922CA647D800345E32 /* PBXContainerItemProxy */;
		};
/* End PBXTargetDependency section */

/* Begin XCBuildConfiguration section */
		CE721B992CA647D800345E32 /* Debug */ = {
			isa = XCBuildConfiguration;
			buildSettings = {
				ALWAYS_SEARCH_USER_PATHS = NO;
				ASSETCATALOG_COMPILER_GENERATE_SWIFT_ASSET_SYMBOL_EXTENSIONS = YES;
				CLANG_ANALYZER_NONNULL = YES;
				CLANG_ANALYZER_NUMBER_OBJECT_CONVERSION = YES_AGGRESSIVE;
				CLANG_CXX_LANGUAGE_STANDARD = "gnu++20";
				CLANG_ENABLE_MODULES = YES;
				CLANG_ENABLE_OBJC_ARC = YES;
				CLANG_ENABLE_OBJC_WEAK = YES;
				CLANG_WARN_BLOCK_CAPTURE_AUTORELEASING = YES;
				CLANG_WARN_BOOL_CONVERSION = YES;
				CLANG_WARN_COMMA = YES;
				CLANG_WARN_CONSTANT_CONVERSION = YES;
				CLANG_WARN_DEPRECATED_OBJC_IMPLEMENTATIONS = YES;
				CLANG_WARN_DIRECT_OBJC_ISA_USAGE = YES_ERROR;
				CLANG_WARN_DOCUMENTATION_COMMENTS = YES;
				CLANG_WARN_EMPTY_BODY = YES;
				CLANG_WARN_ENUM_CONVERSION = YES;
				CLANG_WARN_INFINITE_RECURSION = YES;
				CLANG_WARN_INT_CONVERSION = YES;
				CLANG_WARN_NON_LITERAL_NULL_CONVERSION = YES;
				CLANG_WARN_OBJC_IMPLICIT_RETAIN_SELF = YES;
				CLANG_WARN_OBJC_LITERAL_CONVERSION = YES;
				CLANG_WARN_OBJC_ROOT_CLASS = YES_ERROR;
				CLANG_WARN_QUOTED_INCLUDE_IN_FRAMEWORK_HEADER = YES;
				CLANG_WARN_RANGE_LOOP_ANALYSIS = YES;
				CLANG_WARN_STRICT_PROTOTYPES = YES;
				CLANG_WARN_SUSPICIOUS_MOVE = YES;
				CLANG_WARN_UNGUARDED_AVAILABILITY = YES_AGGRESSIVE;
				CLANG_WARN_UNREACHABLE_CODE = YES;
				CLANG_WARN__DUPLICATE_METHOD_MATCH = YES;
				COPY_PHASE_STRIP = NO;
				DEBUG_INFORMATION_FORMAT = dwarf;
				ENABLE_STRICT_OBJC_MSGSEND = YES;
				ENABLE_TESTABILITY = YES;
				ENABLE_USER_SCRIPT_SANDBOXING = YES;
				GCC_C_LANGUAGE_STANDARD = gnu17;
				GCC_DYNAMIC_NO_PIC = NO;
				GCC_NO_COMMON_BLOCKS = YES;
				GCC_OPTIMIZATION_LEVEL = 0;
				GCC_PREPROCESSOR_DEFINITIONS = (
					"DEBUG=1",
					"$(inherited)",
				);
				GCC_WARN_64_TO_32_BIT_CONVERSION = YES;
				GCC_WARN_ABOUT_RETURN_TYPE = YES_ERROR;
				GCC_WARN_UNDECLARED_SELECTOR = YES;
				GCC_WARN_UNINITIALIZED_AUTOS = YES_AGGRESSIVE;
				GCC_WARN_UNUSED_FUNCTION = YES;
				GCC_WARN_UNUSED_VARIABLE = YES;
				IPHONEOS_DEPLOYMENT_TARGET = 17.2;
				LOCALIZATION_PREFERS_STRING_CATALOGS = YES;
				MTL_ENABLE_DEBUG_INFO = INCLUDE_SOURCE;
				MTL_FAST_MATH = YES;
				ONLY_ACTIVE_ARCH = YES;
				SDKROOT = iphoneos;
				SWIFT_ACTIVE_COMPILATION_CONDITIONS = "DEBUG $(inherited)";
				SWIFT_OPTIMIZATION_LEVEL = "-Onone";
			};
			name = Debug;
		};
		CE721B9A2CA647D800345E32 /* Release */ = {
			isa = XCBuildConfiguration;
			buildSettings = {
				ALWAYS_SEARCH_USER_PATHS = NO;
				ASSETCATALOG_COMPILER_GENERATE_SWIFT_ASSET_SYMBOL_EXTENSIONS = YES;
				CLANG_ANALYZER_NONNULL = YES;
				CLANG_ANALYZER_NUMBER_OBJECT_CONVERSION = YES_AGGRESSIVE;
				CLANG_CXX_LANGUAGE_STANDARD = "gnu++20";
				CLANG_ENABLE_MODULES = YES;
				CLANG_ENABLE_OBJC_ARC = YES;
				CLANG_ENABLE_OBJC_WEAK = YES;
				CLANG_WARN_BLOCK_CAPTURE_AUTORELEASING = YES;
				CLANG_WARN_BOOL_CONVERSION = YES;
				CLANG_WARN_COMMA = YES;
				CLANG_WARN_CONSTANT_CONVERSION = YES;
				CLANG_WARN_DEPRECATED_OBJC_IMPLEMENTATIONS = YES;
				CLANG_WARN_DIRECT_OBJC_ISA_USAGE = YES_ERROR;
				CLANG_WARN_DOCUMENTATION_COMMENTS = YES;
				CLANG_WARN_EMPTY_BODY = YES;
				CLANG_WARN_ENUM_CONVERSION = YES;
				CLANG_WARN_INFINITE_RECURSION = YES;
				CLANG_WARN_INT_CONVERSION = YES;
				CLANG_WARN_NON_LITERAL_NULL_CONVERSION = YES;
				CLANG_WARN_OBJC_IMPLICIT_RETAIN_SELF = YES;
				CLANG_WARN_OBJC_LITERAL_CONVERSION = YES;
				CLANG_WARN_OBJC_ROOT_CLASS = YES_ERROR;
				CLANG_WARN_QUOTED_INCLUDE_IN_FRAMEWORK_HEADER = YES;
				CLANG_WARN_RANGE_LOOP_ANALYSIS = YES;
				CLANG_WARN_STRICT_PROTOTYPES = YES;
				CLANG_WARN_SUSPICIOUS_MOVE = YES;
				CLANG_WARN_UNGUARDED_AVAILABILITY = YES_AGGRESSIVE;
				CLANG_WARN_UNREACHABLE_CODE = YES;
				CLANG_WARN__DUPLICATE_METHOD_MATCH = YES;
				COPY_PHASE_STRIP = NO;
				DEBUG_INFORMATION_FORMAT = "dwarf-with-dsym";
				ENABLE_NS_ASSERTIONS = NO;
				ENABLE_STRICT_OBJC_MSGSEND = YES;
				ENABLE_USER_SCRIPT_SANDBOXING = YES;
				GCC_C_LANGUAGE_STANDARD = gnu17;
				GCC_NO_COMMON_BLOCKS = YES;
				GCC_WARN_64_TO_32_BIT_CONVERSION = YES;
				GCC_WARN_ABOUT_RETURN_TYPE = YES_ERROR;
				GCC_WARN_UNDECLARED_SELECTOR = YES;
				GCC_WARN_UNINITIALIZED_AUTOS = YES_AGGRESSIVE;
				GCC_WARN_UNUSED_FUNCTION = YES;
				GCC_WARN_UNUSED_VARIABLE = YES;
				IPHONEOS_DEPLOYMENT_TARGET = 17.2;
				LOCALIZATION_PREFERS_STRING_CATALOGS = YES;
				MTL_ENABLE_DEBUG_INFO = NO;
				MTL_FAST_MATH = YES;
				SDKROOT = iphoneos;
				SWIFT_COMPILATION_MODE = wholemodule;
				VALIDATE_PRODUCT = YES;
			};
			name = Release;
		};
		CE721B9C2CA647D800345E32 /* Debug */ = {
			isa = XCBuildConfiguration;
			buildSettings = {
				ASSETCATALOG_COMPILER_APPICON_NAME = AppIcon;
				ASSETCATALOG_COMPILER_GLOBAL_ACCENT_COLOR_NAME = AccentColor;
				CODE_SIGN_STYLE = Automatic;
				CURRENT_PROJECT_VERSION = 1;
				DEVELOPMENT_ASSET_PATHS = "\"UITestingDemo/Preview Content\"";
				ENABLE_PREVIEWS = YES;
				GENERATE_INFOPLIST_FILE = YES;
				INFOPLIST_KEY_UIApplicationSceneManifest_Generation = YES;
				INFOPLIST_KEY_UIApplicationSupportsIndirectInputEvents = YES;
				INFOPLIST_KEY_UILaunchScreen_Generation = YES;
				INFOPLIST_KEY_UISupportedInterfaceOrientations_iPad = "UIInterfaceOrientationPortrait UIInterfaceOrientationPortraitUpsideDown UIInterfaceOrientationLandscapeLeft UIInterfaceOrientationLandscapeRight";
				INFOPLIST_KEY_UISupportedInterfaceOrientations_iPhone = "UIInterfaceOrientationPortrait UIInterfaceOrientationLandscapeLeft UIInterfaceOrientationLandscapeRight";
				LD_RUNPATH_SEARCH_PATHS = (
					"$(inherited)",
					"@executable_path/Frameworks",
				);
				MARKETING_VERSION = 1.0;
				PRODUCT_BUNDLE_IDENTIFIER = test.UITestingDemo;
				PRODUCT_NAME = "$(TARGET_NAME)";
				SWIFT_EMIT_LOC_STRINGS = YES;
				SWIFT_VERSION = 5.0;
				TARGETED_DEVICE_FAMILY = "1,2";
			};
			name = Debug;
		};
		CE721B9D2CA647D800345E32 /* Release */ = {
			isa = XCBuildConfiguration;
			buildSettings = {
				ASSETCATALOG_COMPILER_APPICON_NAME = AppIcon;
				ASSETCATALOG_COMPILER_GLOBAL_ACCENT_COLOR_NAME = AccentColor;
				CODE_SIGN_STYLE = Automatic;
				CURRENT_PROJECT_VERSION = 1;
				DEVELOPMENT_ASSET_PATHS = "\"UITestingDemo/Preview Content\"";
				ENABLE_PREVIEWS = YES;
				GENERATE_INFOPLIST_FILE = YES;
				INFOPLIST_KEY_UIApplicationSceneManifest_Generation = YES;
				INFOPLIST_KEY_UIApplicationSupportsIndirectInputEvents = YES;
				INFOPLIST_KEY_UILaunchScreen_Generation = YES;
				INFOPLIST_KEY_UISupportedInterfaceOrientations_iPad = "UIInterfaceOrientationPortrait UIInterfaceOrientationPortraitUpsideDown UIInterfaceOrientationLandscapeLeft UIInterfaceOrientationLandscapeRight";
				INFOPLIST_KEY_UISupportedInterfaceOrientations_iPhone = "UIInterfaceOrientationPortrait UIInterfaceOrientationLandscapeLeft UIInterfaceOrientationLandscapeRight";
				LD_RUNPATH_SEARCH_PATHS = (
					"$(inherited)",
					"@executable_path/Frameworks",
				);
				MARKETING_VERSION = 1.0;
				PRODUCT_BUNDLE_IDENTIFIER = test.UITestingDemo;
				PRODUCT_NAME = "$(TARGET_NAME)";
				SWIFT_EMIT_LOC_STRINGS = YES;
				SWIFT_VERSION = 5.0;
				TARGETED_DEVICE_FAMILY = "1,2";
			};
			name = Release;
		};
		CE721B9F2CA647D800345E32 /* Debug */ = {
			isa = XCBuildConfiguration;
			buildSettings = {
				ALWAYS_EMBED_SWIFT_STANDARD_LIBRARIES = YES;
				BUNDLE_LOADER = "$(TEST_HOST)";
				CODE_SIGN_STYLE = Automatic;
				CURRENT_PROJECT_VERSION = 1;
				GENERATE_INFOPLIST_FILE = YES;
				IPHONEOS_DEPLOYMENT_TARGET = 17.2;
				MARKETING_VERSION = 1.0;
				PRODUCT_BUNDLE_IDENTIFIER = test.UITestingDemoTests;
				PRODUCT_NAME = "$(TARGET_NAME)";
				SWIFT_EMIT_LOC_STRINGS = NO;
				SWIFT_VERSION = 5.0;
				TARGETED_DEVICE_FAMILY = "1,2";
				TEST_HOST = "$(BUILT_PRODUCTS_DIR)/UITestingDemo.app/$(BUNDLE_EXECUTABLE_FOLDER_PATH)/UITestingDemo";
			};
			name = Debug;
		};
		CE721BA02CA647D800345E32 /* Release */ = {
			isa = XCBuildConfiguration;
			buildSettings = {
				ALWAYS_EMBED_SWIFT_STANDARD_LIBRARIES = YES;
				BUNDLE_LOADER = "$(TEST_HOST)";
				CODE_SIGN_STYLE = Automatic;
				CURRENT_PROJECT_VERSION = 1;
				GENERATE_INFOPLIST_FILE = YES;
				IPHONEOS_DEPLOYMENT_TARGET = 17.2;
				MARKETING_VERSION = 1.0;
				PRODUCT_BUNDLE_IDENTIFIER = test.UITestingDemoTests;
				PRODUCT_NAME = "$(TARGET_NAME)";
				SWIFT_EMIT_LOC_STRINGS = NO;
				SWIFT_VERSION = 5.0;
				TARGETED_DEVICE_FAMILY = "1,2";
				TEST_HOST = "$(BUILT_PRODUCTS_DIR)/UITestingDemo.app/$(BUNDLE_EXECUTABLE_FOLDER_PATH)/UITestingDemo";
			};
			name = Release;
		};
		CE721BA22CA647D800345E32 /* Debug */ = {
			isa = XCBuildConfiguration;
			buildSettings = {
				ALWAYS_EMBED_SWIFT_STANDARD_LIBRARIES = YES;
				CODE_SIGN_STYLE = Automatic;
				CURRENT_PROJECT_VERSION = 1;
				GENERATE_INFOPLIST_FILE = YES;
				MARKETING_VERSION = 1.0;
				PRODUCT_BUNDLE_IDENTIFIER = test.UITestingDemoUITests;
				PRODUCT_NAME = "$(TARGET_NAME)";
				SWIFT_EMIT_LOC_STRINGS = NO;
				SWIFT_VERSION = 5.0;
				TARGETED_DEVICE_FAMILY = "1,2";
				TEST_TARGET_NAME = UITestingDemo;
			};
			name = Debug;
		};
		CE721BA32CA647D800345E32 /* Release */ = {
			isa = XCBuildConfiguration;
			buildSettings = {
				ALWAYS_EMBED_SWIFT_STANDARD_LIBRARIES = YES;
				CODE_SIGN_STYLE = Automatic;
				CURRENT_PROJECT_VERSION = 1;
				GENERATE_INFOPLIST_FILE = YES;
				MARKETING_VERSION = 1.0;
				PRODUCT_BUNDLE_IDENTIFIER = test.UITestingDemoUITests;
				PRODUCT_NAME = "$(TARGET_NAME)";
				SWIFT_EMIT_LOC_STRINGS = NO;
				SWIFT_VERSION = 5.0;
				TARGETED_DEVICE_FAMILY = "1,2";
				TEST_TARGET_NAME = UITestingDemo;
			};
			name = Release;
		};
/* End XCBuildConfiguration section */

/* Begin XCConfigurationList section */
		CE721B722CA647D600345E32 /* Build configuration list for PBXProject "UITestingDemo" */ = {
			isa = XCConfigurationList;
			buildConfigurations = (
				CE721B992CA647D800345E32 /* Debug */,
				CE721B9A2CA647D800345E32 /* Release */,
			);
			defaultConfigurationIsVisible = 0;
			defaultConfigurationName = Release;
		};
		CE721B9B2CA647D800345E32 /* Build configuration list for PBXNativeTarget "UITestingDemo" */ = {
			isa = XCConfigurationList;
			buildConfigurations = (
				CE721B9C2CA647D800345E32 /* Debug */,
				CE721B9D2CA647D800345E32 /* Release */,
			);
			defaultConfigurationIsVisible = 0;
			defaultConfigurationName = Release;
		};
		CE721B9E2CA647D800345E32 /* Build configuration list for PBXNativeTarget "UITestingDemoTests" */ = {
			isa = XCConfigurationList;
			buildConfigurations = (
				CE721B9F2CA647D800345E32 /* Debug */,
				CE721BA02CA647D800345E32 /* Release */,
			);
			defaultConfigurationIsVisible = 0;
			defaultConfigurationName = Release;
		};
		CE721BA12CA647D800345E32 /* Build configuration list for PBXNativeTarget "UITestingDemoUITests" */ = {
			isa = XCConfigurationList;
			buildConfigurations = (
				CE721BA22CA647D800345E32 /* Debug */,
				CE721BA32CA647D800345E32 /* Release */,
			);
			defaultConfigurationIsVisible = 0;
			defaultConfigurationName = Release;
		};
/* End XCConfigurationList section */
	};
	rootObject = CE721B6F2CA647D600345E32 /* Project object */;
}
